
Microsoft Visual Studio Solution File, Format Version 12.00
# Visual Studio Version 17
VisualStudioVersion = 17.13.35806.99 d17.13
MinimumVisualStudioVersion = 10.0.40219.1
Project("{8BC9CEB8-8B4A-11D0-8D11-00A0C91BC942}") = "SmartPointer", "SmartPointer\SmartPointer.vcxproj", "{93D4272B-FA9A-4737-B061-F71F07B22C96}"
EndProject
Global
	GlobalSection(SolutionConfigurationPlatforms) = preSolution
		Debug|x64 = Debug|x64
		Debug|x86 = Debug|x86
		Release|x64 = Release|x64
		Release|x86 = Release|x86
	EndGlobalSection
	GlobalSection(ProjectConfigurationPlatforms) = postSolution
		{93D4272B-FA9A-4737-B061-F71F07B22C96}.Debug|x64.ActiveCfg = Debug|x64
		{93D4272B-FA9A-4737-B061-F71F07B22C96}.Debug|x64.Build.0 = Debug|x64
		{93D4272B-FA9A-4737-B061-F71F07B22C96}.Debug|x86.ActiveCfg = Debug|Win32
		{93D4272B-FA9A-4737-B061-F71F07B22C96}.Debug|x86.Build.0 = Debug|Win32
		{93D4272B-FA9A-4737-B061-F71F07B22C96}.Release|x64.ActiveCfg = Release|x64
		{93D4272B-FA9A-4737-B061-F71F07B22C96}.Release|x64.Build.0 = Release|x64
		{93D4272B-FA9A-4737-B061-F71F07B22C96}.Release|x86.ActiveCfg = Release|Win32
		{93D4272B-FA9A-4737-B061-F71F07B22C96}.Release|x86.Build.0 = Release|Win32
	EndGlobalSection
	GlobalSection(SolutionProperties) = preSolution
		HideSolutionNode = FALSE
	EndGlobalSection
	GlobalSection(ExtensibilityGlobals) = postSolution
		SolutionGuid = {22F63E91-5D63-4D45-B66A-FB99B19079E3}
	EndGlobalSection
EndGlobal
