
Microsoft Visual Studio Solution File, Format Version 12.00
# Visual Studio Version 17
VisualStudioVersion = 17.13.35825.156 d17.13
MinimumVisualStudioVersion = 10.0.40219.1
Project("{8BC9CEB8-8B4A-11D0-8D11-00A0C91BC942}") = "CriticalSection", "CriticalSection.vcxproj", "{15879EE2-6044-08DB-4B3F-6BA570B63662}"
EndProject
Global
	GlobalSection(SolutionConfigurationPlatforms) = preSolution
		Debug|x64 = Debug|x64
		Debug|x86 = Debug|x86
		Release|x64 = Release|x64
		Release|x86 = Release|x86
	EndGlobalSection
	GlobalSection(ProjectConfigurationPlatforms) = postSolution
		{15879EE2-6044-08DB-4B3F-6BA570B63662}.Debug|x64.ActiveCfg = Debug|x64
		{15879EE2-6044-08DB-4B3F-6BA570B63662}.Debug|x64.Build.0 = Debug|x64
		{15879EE2-6044-08DB-4B3F-6BA570B63662}.Debug|x86.ActiveCfg = Debug|Win32
		{15879EE2-6044-08DB-4B3F-6BA570B63662}.Debug|x86.Build.0 = Debug|Win32
		{15879EE2-6044-08DB-4B3F-6BA570B63662}.Release|x64.ActiveCfg = Release|x64
		{15879EE2-6044-08DB-4B3F-6BA570B63662}.Release|x64.Build.0 = Release|x64
		{15879EE2-6044-08DB-4B3F-6BA570B63662}.Release|x86.ActiveCfg = Release|Win32
		{15879EE2-6044-08DB-4B3F-6BA570B63662}.Release|x86.Build.0 = Release|Win32
	EndGlobalSection
	GlobalSection(SolutionProperties) = preSolution
		HideSolutionNode = FALSE
	EndGlobalSection
	GlobalSection(ExtensibilityGlobals) = postSolution
		SolutionGuid = {64875EED-0D0B-48BF-9DF7-4ACBAEB3C534}
	EndGlobalSection
EndGlobal
