
Microsoft Visual Studio Solution File, Format Version 12.00
# Visual Studio Version 17
VisualStudioVersion = 17.13.35806.99 d17.13
MinimumVisualStudioVersion = 10.0.40219.1
Project("{8BC9CEB8-8B4A-11D0-8D11-00A0C91BC942}") = "AddFunctionTemplate", "AddFunctionTemplate\AddFunctionTemplate.vcxproj", "{ADAECF56-1CB4-4892-AFAD-E14230C0CF13}"
EndProject
Global
	GlobalSection(SolutionConfigurationPlatforms) = preSolution
		Debug|x64 = Debug|x64
		Debug|x86 = Debug|x86
		Release|x64 = Release|x64
		Release|x86 = Release|x86
	EndGlobalSection
	GlobalSection(ProjectConfigurationPlatforms) = postSolution
		{ADAECF56-1CB4-4892-AFAD-E14230C0CF13}.Debug|x64.ActiveCfg = Debug|x64
		{ADAECF56-1CB4-4892-AFAD-E14230C0CF13}.Debug|x64.Build.0 = Debug|x64
		{ADAECF56-1CB4-4892-AFAD-E14230C0CF13}.Debug|x86.ActiveCfg = Debug|Win32
		{ADAECF56-1CB4-4892-AFAD-E14230C0CF13}.Debug|x86.Build.0 = Debug|Win32
		{ADAECF56-1CB4-4892-AFAD-E14230C0CF13}.Release|x64.ActiveCfg = Release|x64
		{ADAECF56-1CB4-4892-AFAD-E14230C0CF13}.Release|x64.Build.0 = Release|x64
		{ADAECF56-1CB4-4892-AFAD-E14230C0CF13}.Release|x86.ActiveCfg = Release|Win32
		{ADAECF56-1CB4-4892-AFAD-E14230C0CF13}.Release|x86.Build.0 = Release|Win32
	EndGlobalSection
	GlobalSection(SolutionProperties) = preSolution
		HideSolutionNode = FALSE
	EndGlobalSection
	GlobalSection(ExtensibilityGlobals) = postSolution
		SolutionGuid = {5AF1B0B9-33A0-4566-B905-BD9A09E96B61}
	EndGlobalSection
EndGlobal
